
Microsoft Visual Studio Solution File, Format Version 12.00
# Visual Studio Version 17
VisualStudioVersion = 17.0.31903.59
MinimumVisualStudioVersion = 10.0.40219.1
Project("{2150E333-8FDC-42A3-9474-1A3956D46DE8}") = "src", "src", "{827E0CD3-B72D-47B6-A68D-7590B98EB39B}"
EndProject
Project("{FAE04EC0-301F-11D3-BF4B-00C04F79EFBC}") = "EcommerceBot.Domain", "src\EcommerceBot.Domain\EcommerceBot.Domain.csproj", "{AD0B1D08-2C67-404C-B5F9-77A964D016C2}"
EndProject
Project("{FAE04EC0-301F-11D3-BF4B-00C04F79EFBC}") = "EcommerceBot.Application", "src\EcommerceBot.Application\EcommerceBot.Application.csproj", "{D7CBADF2-21D6-4E3A-898E-3B21E46C9BA2}"
EndProject
Project("{FAE04EC0-301F-11D3-BF4B-00C04F79EFBC}") = "EcommerceBot.Infrastructure", "src\EcommerceBot.Infrastructure\EcommerceBot.Infrastructure.csproj", "{11DAB9E8-DEAF-41E1-94D4-08D3B23EF8B9}"
EndProject
Project("{FAE04EC0-301F-11D3-BF4B-00C04F79EFBC}") = "EcommerceBot.Api", "src\EcommerceBot.Api\EcommerceBot.Api.csproj", "{7069F356-EA87-4DF5-BF4F-D4B422B2C914}"
EndProject
Project("{FAE04EC0-301F-11D3-BF4B-00C04F79EFBC}") = "EcommerceBot.Diagnostics.Mcp", "src\EcommerceBot.Diagnostics.Mcp\EcommerceBot.Diagnostics.Mcp.csproj", "{C41E2460-8021-467D-BC6A-8BB2D665E962}"
EndProject
Global
	GlobalSection(SolutionConfigurationPlatforms) = preSolution
		Debug|Any CPU = Debug|Any CPU
		Debug|x64 = Debug|x64
		Debug|x86 = Debug|x86
		Release|Any CPU = Release|Any CPU
		Release|x64 = Release|x64
		Release|x86 = Release|x86
	EndGlobalSection
	GlobalSection(ProjectConfigurationPlatforms) = postSolution
		{AD0B1D08-2C67-404C-B5F9-77A964D016C2}.Debug|Any CPU.ActiveCfg = Debug|Any CPU
		{AD0B1D08-2C67-404C-B5F9-77A964D016C2}.Debug|Any CPU.Build.0 = Debug|Any CPU
		{AD0B1D08-2C67-404C-B5F9-77A964D016C2}.Debug|x64.ActiveCfg = Debug|Any CPU
		{AD0B1D08-2C67-404C-B5F9-77A964D016C2}.Debug|x64.Build.0 = Debug|Any CPU
		{AD0B1D08-2C67-404C-B5F9-77A964D016C2}.Debug|x86.ActiveCfg = Debug|Any CPU
		{AD0B1D08-2C67-404C-B5F9-77A964D016C2}.Debug|x86.Build.0 = Debug|Any CPU
		{AD0B1D08-2C67-404C-B5F9-77A964D016C2}.Release|Any CPU.ActiveCfg = Release|Any CPU
		{AD0B1D08-2C67-404C-B5F9-77A964D016C2}.Release|Any CPU.Build.0 = Release|Any CPU
		{AD0B1D08-2C67-404C-B5F9-77A964D016C2}.Release|x64.ActiveCfg = Release|Any CPU
		{AD0B1D08-2C67-404C-B5F9-77A964D016C2}.Release|x64.Build.0 = Release|Any CPU
		{AD0B1D08-2C67-404C-B5F9-77A964D016C2}.Release|x86.ActiveCfg = Release|Any CPU
		{AD0B1D08-2C67-404C-B5F9-77A964D016C2}.Release|x86.Build.0 = Release|Any CPU
		{D7CBADF2-21D6-4E3A-898E-3B21E46C9BA2}.Debug|Any CPU.ActiveCfg = Debug|Any CPU
		{D7CBADF2-21D6-4E3A-898E-3B21E46C9BA2}.Debug|Any CPU.Build.0 = Debug|Any CPU
		{D7CBADF2-21D6-4E3A-898E-3B21E46C9BA2}.Debug|x64.ActiveCfg = Debug|Any CPU
		{D7CBADF2-21D6-4E3A-898E-3B21E46C9BA2}.Debug|x64.Build.0 = Debug|Any CPU
		{D7CBADF2-21D6-4E3A-898E-3B21E46C9BA2}.Debug|x86.ActiveCfg = Debug|Any CPU
		{D7CBADF2-21D6-4E3A-898E-3B21E46C9BA2}.Debug|x86.Build.0 = Debug|Any CPU
		{D7CBADF2-21D6-4E3A-898E-3B21E46C9BA2}.Release|Any CPU.ActiveCfg = Release|Any CPU
		{D7CBADF2-21D6-4E3A-898E-3B21E46C9BA2}.Release|Any CPU.Build.0 = Release|Any CPU
		{D7CBADF2-21D6-4E3A-898E-3B21E46C9BA2}.Release|x64.ActiveCfg = Release|Any CPU
		{D7CBADF2-21D6-4E3A-898E-3B21E46C9BA2}.Release|x64.Build.0 = Release|Any CPU
		{D7CBADF2-21D6-4E3A-898E-3B21E46C9BA2}.Release|x86.ActiveCfg = Release|Any CPU
		{D7CBADF2-21D6-4E3A-898E-3B21E46C9BA2}.Release|x86.Build.0 = Release|Any CPU
		{11DAB9E8-DEAF-41E1-94D4-08D3B23EF8B9}.Debug|Any CPU.ActiveCfg = Debug|Any CPU
		{11DAB9E8-DEAF-41E1-94D4-08D3B23EF8B9}.Debug|Any CPU.Build.0 = Debug|Any CPU
		{11DAB9E8-DEAF-41E1-94D4-08D3B23EF8B9}.Debug|x64.ActiveCfg = Debug|Any CPU
		{11DAB9E8-DEAF-41E1-94D4-08D3B23EF8B9}.Debug|x64.Build.0 = Debug|Any CPU
		{11DAB9E8-DEAF-41E1-94D4-08D3B23EF8B9}.Debug|x86.ActiveCfg = Debug|Any CPU
		{11DAB9E8-DEAF-41E1-94D4-08D3B23EF8B9}.Debug|x86.Build.0 = Debug|Any CPU
		{11DAB9E8-DEAF-41E1-94D4-08D3B23EF8B9}.Release|Any CPU.ActiveCfg = Release|Any CPU
		{11DAB9E8-DEAF-41E1-94D4-08D3B23EF8B9}.Release|Any CPU.Build.0 = Release|Any CPU
		{11DAB9E8-DEAF-41E1-94D4-08D3B23EF8B9}.Release|x64.ActiveCfg = Release|Any CPU
		{11DAB9E8-DEAF-41E1-94D4-08D3B23EF8B9}.Release|x64.Build.0 = Release|Any CPU
		{11DAB9E8-DEAF-41E1-94D4-08D3B23EF8B9}.Release|x86.ActiveCfg = Release|Any CPU
		{11DAB9E8-DEAF-41E1-94D4-08D3B23EF8B9}.Release|x86.Build.0 = Release|Any CPU
		{7069F356-EA87-4DF5-BF4F-D4B422B2C914}.Debug|Any CPU.ActiveCfg = Debug|Any CPU
		{7069F356-EA87-4DF5-BF4F-D4B422B2C914}.Debug|Any CPU.Build.0 = Debug|Any CPU
		{7069F356-EA87-4DF5-BF4F-D4B422B2C914}.Debug|x64.ActiveCfg = Debug|Any CPU
		{7069F356-EA87-4DF5-BF4F-D4B422B2C914}.Debug|x64.Build.0 = Debug|Any CPU
		{7069F356-EA87-4DF5-BF4F-D4B422B2C914}.Debug|x86.ActiveCfg = Debug|Any CPU
		{7069F356-EA87-4DF5-BF4F-D4B422B2C914}.Debug|x86.Build.0 = Debug|Any CPU
		{7069F356-EA87-4DF5-BF4F-D4B422B2C914}.Release|Any CPU.ActiveCfg = Release|Any CPU
		{7069F356-EA87-4DF5-BF4F-D4B422B2C914}.Release|Any CPU.Build.0 = Release|Any CPU
		{7069F356-EA87-4DF5-BF4F-D4B422B2C914}.Release|x64.ActiveCfg = Release|Any CPU
		{7069F356-EA87-4DF5-BF4F-D4B422B2C914}.Release|x64.Build.0 = Release|Any CPU
		{7069F356-EA87-4DF5-BF4F-D4B422B2C914}.Release|x86.ActiveCfg = Release|Any CPU
		{7069F356-EA87-4DF5-BF4F-D4B422B2C914}.Release|x86.Build.0 = Release|Any CPU
		{C41E2460-8021-467D-BC6A-8BB2D665E962}.Debug|Any CPU.ActiveCfg = Debug|Any CPU
		{C41E2460-8021-467D-BC6A-8BB2D665E962}.Debug|Any CPU.Build.0 = Debug|Any CPU
		{C41E2460-8021-467D-BC6A-8BB2D665E962}.Debug|x64.ActiveCfg = Debug|Any CPU
		{C41E2460-8021-467D-BC6A-8BB2D665E962}.Debug|x64.Build.0 = Debug|Any CPU
		{C41E2460-8021-467D-BC6A-8BB2D665E962}.Debug|x86.ActiveCfg = Debug|Any CPU
		{C41E2460-8021-467D-BC6A-8BB2D665E962}.Debug|x86.Build.0 = Debug|Any CPU
		{C41E2460-8021-467D-BC6A-8BB2D665E962}.Release|Any CPU.ActiveCfg = Release|Any CPU
		{C41E2460-8021-467D-BC6A-8BB2D665E962}.Release|Any CPU.Build.0 = Release|Any CPU
		{C41E2460-8021-467D-BC6A-8BB2D665E962}.Release|x64.ActiveCfg = Release|Any CPU
		{C41E2460-8021-467D-BC6A-8BB2D665E962}.Release|x64.Build.0 = Release|Any CPU
		{C41E2460-8021-467D-BC6A-8BB2D665E962}.Release|x86.ActiveCfg = Release|Any CPU
		{C41E2460-8021-467D-BC6A-8BB2D665E962}.Release|x86.Build.0 = Release|Any CPU
	EndGlobalSection
	GlobalSection(SolutionProperties) = preSolution
		HideSolutionNode = FALSE
	EndGlobalSection
	GlobalSection(NestedProjects) = preSolution
		{AD0B1D08-2C67-404C-B5F9-77A964D016C2} = {827E0CD3-B72D-47B6-A68D-7590B98EB39B}
		{D7CBADF2-21D6-4E3A-898E-3B21E46C9BA2} = {827E0CD3-B72D-47B6-A68D-7590B98EB39B}
		{11DAB9E8-DEAF-41E1-94D4-08D3B23EF8B9} = {827E0CD3-B72D-47B6-A68D-7590B98EB39B}
		{7069F356-EA87-4DF5-BF4F-D4B422B2C914} = {827E0CD3-B72D-47B6-A68D-7590B98EB39B}
		{C41E2460-8021-467D-BC6A-8BB2D665E962} = {827E0CD3-B72D-47B6-A68D-7590B98EB39B}
	EndGlobalSection
EndGlobal
